
Microsoft Visual Studio Solution File, Format Version 12.00
# Visual Studio Version 17
VisualStudioVersion = 17.1.31911.260
MinimumVisualStudioVersion = 10.0.40219.1
Project("{2150E333-8FDC-42A3-9474-1A3956D46DE8}") = "00. Solution Items", "00. Solution Items", "{402274EC-4273-40CE-92A9-D3B1A527FA9F}"
	ProjectSection(SolutionItems) = preProject
		..\README.md = ..\README.md
	EndProjectSection
EndProject
Project("{2150E333-8FDC-42A3-9474-1A3956D46DE8}") = "10. Libraries", "10. Libraries", "{0A54122F-6180-475E-BDCF-168F644FF465}"
EndProject
Project("{2150E333-8FDC-42A3-9474-1A3956D46DE8}") = "20. Data", "20. Data", "{A408B49B-9494-4EAD-B56E-AA6D5539FC62}"
EndProject
Project("{2150E333-8FDC-42A3-9474-1A3956D46DE8}") = "30. Hosts", "30. Hosts", "{3A0543BE-AF4A-43CB-BF75-60A35E1104DC}"
EndProject
Project("{9A19103F-16F7-4668-BE54-9A1E7A4F7556}") = "CG.Blue.Primitives", "Libraries\CG.Blue.Primitives\CG.Blue.Primitives.csproj", "{EF334314-F873-4D7B-B0D0-CC7DDE28F451}"
EndProject
Project("{9A19103F-16F7-4668-BE54-9A1E7A4F7556}") = "CG.Blue.Abstractions", "Libraries\CG.Blue.Abstractions\CG.Blue.Abstractions.csproj", "{80E32077-3B04-45A7-B697-0FAF5F3218F8}"
EndProject
Project("{9A19103F-16F7-4668-BE54-9A1E7A4F7556}") = "CG.Blue", "Libraries\CG.Blue\CG.Blue.csproj", "{FE935D08-A801-4FC0-B5E9-F37BAEB6E782}"
EndProject
Project("{9A19103F-16F7-4668-BE54-9A1E7A4F7556}") = "CG.Blue.Controllers", "Libraries\CG.Blue.Controllers\CG.Blue.Controllers.csproj", "{E335B118-89BF-4C55-85A3-0387D8D979DD}"
EndProject
Project("{FAE04EC0-301F-11D3-BF4B-00C04F79EFBC}") = "CG.Blue.Data", "Data\CG.Blue.Data\CG.Blue.Data.csproj", "{0F812F76-2F3F-41A2-815B-6AE98193B840}"
EndProject
Project("{FAE04EC0-301F-11D3-BF4B-00C04F79EFBC}") = "CG.Blue.Data.InMemory", "Data\CG.Blue.Data.InMemory\CG.Blue.Data.InMemory.csproj", "{CC0F4706-737F-45B9-8BA2-C26F9251EA26}"
EndProject
Project("{FAE04EC0-301F-11D3-BF4B-00C04F79EFBC}") = "CG.Blue.Data.Sqlite", "Data\CG.Blue.Data.Sqlite\CG.Blue.Data.Sqlite.csproj", "{123CF69D-0081-47DD-877E-983902DD6453}"
EndProject
Project("{FAE04EC0-301F-11D3-BF4B-00C04F79EFBC}") = "CG.Blue.Data.SqlServer", "Data\CG.Blue.Data.SqlServer\CG.Blue.Data.SqlServer.csproj", "{1D2F58C6-B374-4A98-AB8C-38607DC45C71}"
EndProject
Project("{FAE04EC0-301F-11D3-BF4B-00C04F79EFBC}") = "CG.Blue.Services", "Libraries\CG.Blue.Services\CG.Blue.Services.csproj", "{04B83BEE-9BCB-4A1A-B477-1716555447E2}"
EndProject
Project("{9A19103F-16F7-4668-BE54-9A1E7A4F7556}") = "CG.Blue.Host", "Hosts\CG.Blue.Host\CG.Blue.Host.csproj", "{15BD9D7C-3F8F-4E23-9175-25F1AA49CF1F}"
EndProject
Global
	GlobalSection(SolutionConfigurationPlatforms) = preSolution
		Debug|Any CPU = Debug|Any CPU
		Release|Any CPU = Release|Any CPU
	EndGlobalSection
	GlobalSection(ProjectConfigurationPlatforms) = postSolution
		{EF334314-F873-4D7B-B0D0-CC7DDE28F451}.Debug|Any CPU.ActiveCfg = Debug|Any CPU
		{EF334314-F873-4D7B-B0D0-CC7DDE28F451}.Debug|Any CPU.Build.0 = Debug|Any CPU
		{EF334314-F873-4D7B-B0D0-CC7DDE28F451}.Release|Any CPU.ActiveCfg = Release|Any CPU
		{EF334314-F873-4D7B-B0D0-CC7DDE28F451}.Release|Any CPU.Build.0 = Release|Any CPU
		{80E32077-3B04-45A7-B697-0FAF5F3218F8}.Debug|Any CPU.ActiveCfg = Debug|Any CPU
		{80E32077-3B04-45A7-B697-0FAF5F3218F8}.Debug|Any CPU.Build.0 = Debug|Any CPU
		{80E32077-3B04-45A7-B697-0FAF5F3218F8}.Release|Any CPU.ActiveCfg = Release|Any CPU
		{80E32077-3B04-45A7-B697-0FAF5F3218F8}.Release|Any CPU.Build.0 = Release|Any CPU
		{FE935D08-A801-4FC0-B5E9-F37BAEB6E782}.Debug|Any CPU.ActiveCfg = Debug|Any CPU
		{FE935D08-A801-4FC0-B5E9-F37BAEB6E782}.Debug|Any CPU.Build.0 = Debug|Any CPU
		{FE935D08-A801-4FC0-B5E9-F37BAEB6E782}.Release|Any CPU.ActiveCfg = Release|Any CPU
		{FE935D08-A801-4FC0-B5E9-F37BAEB6E782}.Release|Any CPU.Build.0 = Release|Any CPU
		{E335B118-89BF-4C55-85A3-0387D8D979DD}.Debug|Any CPU.ActiveCfg = Debug|Any CPU
		{E335B118-89BF-4C55-85A3-0387D8D979DD}.Debug|Any CPU.Build.0 = Debug|Any CPU
		{E335B118-89BF-4C55-85A3-0387D8D979DD}.Release|Any CPU.ActiveCfg = Release|Any CPU
		{E335B118-89BF-4C55-85A3-0387D8D979DD}.Release|Any CPU.Build.0 = Release|Any CPU
		{0F812F76-2F3F-41A2-815B-6AE98193B840}.Debug|Any CPU.ActiveCfg = Debug|Any CPU
		{0F812F76-2F3F-41A2-815B-6AE98193B840}.Debug|Any CPU.Build.0 = Debug|Any CPU
		{0F812F76-2F3F-41A2-815B-6AE98193B840}.Release|Any CPU.ActiveCfg = Release|Any CPU
		{0F812F76-2F3F-41A2-815B-6AE98193B840}.Release|Any CPU.Build.0 = Release|Any CPU
		{CC0F4706-737F-45B9-8BA2-C26F9251EA26}.Debug|Any CPU.ActiveCfg = Debug|Any CPU
		{CC0F4706-737F-45B9-8BA2-C26F9251EA26}.Debug|Any CPU.Build.0 = Debug|Any CPU
		{CC0F4706-737F-45B9-8BA2-C26F9251EA26}.Release|Any CPU.ActiveCfg = Release|Any CPU
		{CC0F4706-737F-45B9-8BA2-C26F9251EA26}.Release|Any CPU.Build.0 = Release|Any CPU
		{123CF69D-0081-47DD-877E-983902DD6453}.Debug|Any CPU.ActiveCfg = Debug|Any CPU
		{123CF69D-0081-47DD-877E-983902DD6453}.Debug|Any CPU.Build.0 = Debug|Any CPU
		{123CF69D-0081-47DD-877E-983902DD6453}.Release|Any CPU.ActiveCfg = Release|Any CPU
		{123CF69D-0081-47DD-877E-983902DD6453}.Release|Any CPU.Build.0 = Release|Any CPU
		{1D2F58C6-B374-4A98-AB8C-38607DC45C71}.Debug|Any CPU.ActiveCfg = Debug|Any CPU
		{1D2F58C6-B374-4A98-AB8C-38607DC45C71}.Debug|Any CPU.Build.0 = Debug|Any CPU
		{1D2F58C6-B374-4A98-AB8C-38607DC45C71}.Release|Any CPU.ActiveCfg = Release|Any CPU
		{1D2F58C6-B374-4A98-AB8C-38607DC45C71}.Release|Any CPU.Build.0 = Release|Any CPU
		{04B83BEE-9BCB-4A1A-B477-1716555447E2}.Debug|Any CPU.ActiveCfg = Debug|Any CPU
		{04B83BEE-9BCB-4A1A-B477-1716555447E2}.Debug|Any CPU.Build.0 = Debug|Any CPU
		{04B83BEE-9BCB-4A1A-B477-1716555447E2}.Release|Any CPU.ActiveCfg = Release|Any CPU
		{04B83BEE-9BCB-4A1A-B477-1716555447E2}.Release|Any CPU.Build.0 = Release|Any CPU
		{15BD9D7C-3F8F-4E23-9175-25F1AA49CF1F}.Debug|Any CPU.ActiveCfg = Debug|Any CPU
		{15BD9D7C-3F8F-4E23-9175-25F1AA49CF1F}.Debug|Any CPU.Build.0 = Debug|Any CPU
		{15BD9D7C-3F8F-4E23-9175-25F1AA49CF1F}.Release|Any CPU.ActiveCfg = Release|Any CPU
		{15BD9D7C-3F8F-4E23-9175-25F1AA49CF1F}.Release|Any CPU.Build.0 = Release|Any CPU
	EndGlobalSection
	GlobalSection(SolutionProperties) = preSolution
		HideSolutionNode = FALSE
	EndGlobalSection
	GlobalSection(NestedProjects) = preSolution
		{EF334314-F873-4D7B-B0D0-CC7DDE28F451} = {0A54122F-6180-475E-BDCF-168F644FF465}
		{80E32077-3B04-45A7-B697-0FAF5F3218F8} = {0A54122F-6180-475E-BDCF-168F644FF465}
		{FE935D08-A801-4FC0-B5E9-F37BAEB6E782} = {0A54122F-6180-475E-BDCF-168F644FF465}
		{E335B118-89BF-4C55-85A3-0387D8D979DD} = {0A54122F-6180-475E-BDCF-168F644FF465}
		{0F812F76-2F3F-41A2-815B-6AE98193B840} = {A408B49B-9494-4EAD-B56E-AA6D5539FC62}
		{CC0F4706-737F-45B9-8BA2-C26F9251EA26} = {A408B49B-9494-4EAD-B56E-AA6D5539FC62}
		{123CF69D-0081-47DD-877E-983902DD6453} = {A408B49B-9494-4EAD-B56E-AA6D5539FC62}
		{1D2F58C6-B374-4A98-AB8C-38607DC45C71} = {A408B49B-9494-4EAD-B56E-AA6D5539FC62}
		{04B83BEE-9BCB-4A1A-B477-1716555447E2} = {0A54122F-6180-475E-BDCF-168F644FF465}
		{15BD9D7C-3F8F-4E23-9175-25F1AA49CF1F} = {3A0543BE-AF4A-43CB-BF75-60A35E1104DC}
	EndGlobalSection
	GlobalSection(ExtensibilityGlobals) = postSolution
		SolutionGuid = {EEC32BA8-889C-4B43-9C02-A0A4AA7DFE38}
	EndGlobalSection
EndGlobal
